
Microsoft Visual Studio Solution File, Format Version 12.00
# Visual Studio 15
Project("{FAE04EC0-301F-11D3-BF4B-00C04F79EFBC}") = "Assembly-CSharp", "Assembly-CSharp.csproj", "{12EEFC6F-EECA-47BD-D4D3-52FA9EE22AA8}"
EndProject
Project("{FAE04EC0-301F-11D3-BF4B-00C04F79EFBC}") = "Wave.Essence.InputModule", "Wave.Essence.InputModule.csproj", "{AB14549C-3371-7B91-81A2-6E09F801F811}"
EndProject
Project("{FAE04EC0-301F-11D3-BF4B-00C04F79EFBC}") = "Wave.Essence.Interaction.Mode", "Wave.Essence.Interaction.Mode.csproj", "{129B3B80-B324-7EB9-034F-E323E6B3D829}"
EndProject
Project("{FAE04EC0-301F-11D3-BF4B-00C04F79EFBC}") = "Wave.Essence.Hand.Model", "Wave.Essence.Hand.Model.csproj", "{7EE69F4F-96C4-25C7-6C10-BFF924CFFE32}"
EndProject
Project("{FAE04EC0-301F-11D3-BF4B-00C04F79EFBC}") = "Wave.Essence.Controller.Model", "Wave.Essence.Controller.Model.csproj", "{CF430E8E-7065-9035-9CA8-F9965AB7E9EE}"
EndProject
Project("{FAE04EC0-301F-11D3-BF4B-00C04F79EFBC}") = "Unity.XR.Interaction.Toolkit.Samples.StarterAssets", "Unity.XR.Interaction.Toolkit.Samples.StarterAssets.csproj", "{4CC95898-A1FF-2CC6-65CD-DBBEDB66AD48}"
EndProject
Project("{FAE04EC0-301F-11D3-BF4B-00C04F79EFBC}") = "Unity.XR.Interaction.Toolkit.Samples.DeviceSimulator", "Unity.XR.Interaction.Toolkit.Samples.DeviceSimulator.csproj", "{F8343F2B-7DBC-5D83-3BCD-0C745641ECA1}"
EndProject
Project("{FAE04EC0-301F-11D3-BF4B-00C04F79EFBC}") = "Assembly-CSharp-Editor", "Assembly-CSharp-Editor.csproj", "{B2D470CD-DEEE-92AA-DCC2-408DE8A117F2}"
EndProject
Project("{FAE04EC0-301F-11D3-BF4B-00C04F79EFBC}") = "Unity.XR.Interaction.Toolkit.Samples.StarterAssets.Editor", "Unity.XR.Interaction.Toolkit.Samples.StarterAssets.Editor.csproj", "{99F8379B-DE50-35C3-28BD-5124705F1770}"
EndProject
Global
	GlobalSection(SolutionConfigurationPlatforms) = preSolution
		Debug|Any CPU = Debug|Any CPU
		Release|Any CPU = Release|Any CPU
	EndGlobalSection
	GlobalSection(ProjectConfigurationPlatforms) = postSolution
		{12EEFC6F-EECA-47BD-D4D3-52FA9EE22AA8}.Debug|Any CPU.ActiveCfg = Debug|Any CPU
		{12EEFC6F-EECA-47BD-D4D3-52FA9EE22AA8}.Debug|Any CPU.Build.0 = Debug|Any CPU
		{12EEFC6F-EECA-47BD-D4D3-52FA9EE22AA8}.Release|Any CPU.ActiveCfg = Release|Any CPU
		{12EEFC6F-EECA-47BD-D4D3-52FA9EE22AA8}.Release|Any CPU.Build.0 = Release|Any CPU
		{AB14549C-3371-7B91-81A2-6E09F801F811}.Debug|Any CPU.ActiveCfg = Debug|Any CPU
		{AB14549C-3371-7B91-81A2-6E09F801F811}.Debug|Any CPU.Build.0 = Debug|Any CPU
		{AB14549C-3371-7B91-81A2-6E09F801F811}.Release|Any CPU.ActiveCfg = Release|Any CPU
		{AB14549C-3371-7B91-81A2-6E09F801F811}.Release|Any CPU.Build.0 = Release|Any CPU
		{129B3B80-B324-7EB9-034F-E323E6B3D829}.Debug|Any CPU.ActiveCfg = Debug|Any CPU
		{129B3B80-B324-7EB9-034F-E323E6B3D829}.Debug|Any CPU.Build.0 = Debug|Any CPU
		{129B3B80-B324-7EB9-034F-E323E6B3D829}.Release|Any CPU.ActiveCfg = Release|Any CPU
		{129B3B80-B324-7EB9-034F-E323E6B3D829}.Release|Any CPU.Build.0 = Release|Any CPU
		{7EE69F4F-96C4-25C7-6C10-BFF924CFFE32}.Debug|Any CPU.ActiveCfg = Debug|Any CPU
		{7EE69F4F-96C4-25C7-6C10-BFF924CFFE32}.Debug|Any CPU.Build.0 = Debug|Any CPU
		{7EE69F4F-96C4-25C7-6C10-BFF924CFFE32}.Release|Any CPU.ActiveCfg = Release|Any CPU
		{7EE69F4F-96C4-25C7-6C10-BFF924CFFE32}.Release|Any CPU.Build.0 = Release|Any CPU
		{CF430E8E-7065-9035-9CA8-F9965AB7E9EE}.Debug|Any CPU.ActiveCfg = Debug|Any CPU
		{CF430E8E-7065-9035-9CA8-F9965AB7E9EE}.Debug|Any CPU.Build.0 = Debug|Any CPU
		{CF430E8E-7065-9035-9CA8-F9965AB7E9EE}.Release|Any CPU.ActiveCfg = Release|Any CPU
		{CF430E8E-7065-9035-9CA8-F9965AB7E9EE}.Release|Any CPU.Build.0 = Release|Any CPU
		{4CC95898-A1FF-2CC6-65CD-DBBEDB66AD48}.Debug|Any CPU.ActiveCfg = Debug|Any CPU
		{4CC95898-A1FF-2CC6-65CD-DBBEDB66AD48}.Debug|Any CPU.Build.0 = Debug|Any CPU
		{4CC95898-A1FF-2CC6-65CD-DBBEDB66AD48}.Release|Any CPU.ActiveCfg = Release|Any CPU
		{4CC95898-A1FF-2CC6-65CD-DBBEDB66AD48}.Release|Any CPU.Build.0 = Release|Any CPU
		{F8343F2B-7DBC-5D83-3BCD-0C745641ECA1}.Debug|Any CPU.ActiveCfg = Debug|Any CPU
		{F8343F2B-7DBC-5D83-3BCD-0C745641ECA1}.Debug|Any CPU.Build.0 = Debug|Any CPU
		{F8343F2B-7DBC-5D83-3BCD-0C745641ECA1}.Release|Any CPU.ActiveCfg = Release|Any CPU
		{F8343F2B-7DBC-5D83-3BCD-0C745641ECA1}.Release|Any CPU.Build.0 = Release|Any CPU
		{B2D470CD-DEEE-92AA-DCC2-408DE8A117F2}.Debug|Any CPU.ActiveCfg = Debug|Any CPU
		{B2D470CD-DEEE-92AA-DCC2-408DE8A117F2}.Debug|Any CPU.Build.0 = Debug|Any CPU
		{B2D470CD-DEEE-92AA-DCC2-408DE8A117F2}.Release|Any CPU.ActiveCfg = Release|Any CPU
		{B2D470CD-DEEE-92AA-DCC2-408DE8A117F2}.Release|Any CPU.Build.0 = Release|Any CPU
		{99F8379B-DE50-35C3-28BD-5124705F1770}.Debug|Any CPU.ActiveCfg = Debug|Any CPU
		{99F8379B-DE50-35C3-28BD-5124705F1770}.Debug|Any CPU.Build.0 = Debug|Any CPU
		{99F8379B-DE50-35C3-28BD-5124705F1770}.Release|Any CPU.ActiveCfg = Release|Any CPU
		{99F8379B-DE50-35C3-28BD-5124705F1770}.Release|Any CPU.Build.0 = Release|Any CPU
	EndGlobalSection
	GlobalSection(SolutionProperties) = preSolution
		HideSolutionNode = FALSE
	EndGlobalSection
EndGlobal
